
Microsoft Visual Studio Solution File, Format Version 12.00
# Visual Studio 15
Project("{FAE04EC0-301F-11D3-BF4B-00C04F79EFBC}") = "ch2_operator", "ch2_operator\ch2_operator.csproj", "{89D4B144-B4EA-4A67-AF8C-719CFB4B6CE2}"
EndProject
Project("{FAE04EC0-301F-11D3-BF4B-00C04F79EFBC}") = "ch1_HelloCsWorld", "ch1_HelloCsWorld\ch1_HelloCsWorld.csproj", "{C9D7C980-472D-4119-80F0-4B8EA3DA98D8}"
EndProject
Project("{FAE04EC0-301F-11D3-BF4B-00C04F79EFBC}") = "ch3_for_if_while", "ch3_for_if_while\ch3_for_if_while.csproj", "{E631C50B-E240-4A42-AD49-0994059A1EF7}"
EndProject
Project("{FAE04EC0-301F-11D3-BF4B-00C04F79EFBC}") = "ch4_method_parameter", "ch4_method_parameter\ch4_method_parameter.csproj", "{1D7191ED-1DC7-4C97-B855-3AE14A675BF6}"
EndProject
Project("{FAE04EC0-301F-11D3-BF4B-00C04F79EFBC}") = "ch5_OOP", "ch5_OOP\ch5_OOP.csproj", "{E78C8F66-81E1-4785-95A0-E16FCB900F4E}"
EndProject
Project("{FAE04EC0-301F-11D3-BF4B-00C04F79EFBC}") = "ch6_accessModifier_abstactClass", "ch6_accessModifier_abstactClass\ch6_accessModifier_abstactClass.csproj", "{9D2E6A3C-1034-4497-875B-EF623E850499}"
EndProject
Project("{FAE04EC0-301F-11D3-BF4B-00C04F79EFBC}") = "ch7_property_array_collection", "ch7_property_array_collection\ch7_property_array_collection.csproj", "{58898809-DF5C-4781-82FA-966A99642F6B}"
EndProject
Project("{FAE04EC0-301F-11D3-BF4B-00C04F79EFBC}") = "ch8_indexer_out", "ch8_indexer_out\ch8_indexer_out.csproj", "{61438152-860E-4CED-AD43-672E8D93A1E1}"
EndProject
Project("{FAE04EC0-301F-11D3-BF4B-00C04F79EFBC}") = "ch9_generic", "ch9_generic\ch9_generic.csproj", "{1C3146E2-134A-4BC1-80AA-24689D3F5892}"
EndProject
Global
	GlobalSection(SolutionConfigurationPlatforms) = preSolution
		Debug|Any CPU = Debug|Any CPU
		Release|Any CPU = Release|Any CPU
	EndGlobalSection
	GlobalSection(ProjectConfigurationPlatforms) = postSolution
		{89D4B144-B4EA-4A67-AF8C-719CFB4B6CE2}.Debug|Any CPU.ActiveCfg = Debug|Any CPU
		{89D4B144-B4EA-4A67-AF8C-719CFB4B6CE2}.Debug|Any CPU.Build.0 = Debug|Any CPU
		{89D4B144-B4EA-4A67-AF8C-719CFB4B6CE2}.Release|Any CPU.ActiveCfg = Release|Any CPU
		{89D4B144-B4EA-4A67-AF8C-719CFB4B6CE2}.Release|Any CPU.Build.0 = Release|Any CPU
		{C9D7C980-472D-4119-80F0-4B8EA3DA98D8}.Debug|Any CPU.ActiveCfg = Debug|Any CPU
		{C9D7C980-472D-4119-80F0-4B8EA3DA98D8}.Debug|Any CPU.Build.0 = Debug|Any CPU
		{C9D7C980-472D-4119-80F0-4B8EA3DA98D8}.Release|Any CPU.ActiveCfg = Release|Any CPU
		{C9D7C980-472D-4119-80F0-4B8EA3DA98D8}.Release|Any CPU.Build.0 = Release|Any CPU
		{E631C50B-E240-4A42-AD49-0994059A1EF7}.Debug|Any CPU.ActiveCfg = Debug|Any CPU
		{E631C50B-E240-4A42-AD49-0994059A1EF7}.Debug|Any CPU.Build.0 = Debug|Any CPU
		{E631C50B-E240-4A42-AD49-0994059A1EF7}.Release|Any CPU.ActiveCfg = Release|Any CPU
		{E631C50B-E240-4A42-AD49-0994059A1EF7}.Release|Any CPU.Build.0 = Release|Any CPU
		{1D7191ED-1DC7-4C97-B855-3AE14A675BF6}.Debug|Any CPU.ActiveCfg = Debug|Any CPU
		{1D7191ED-1DC7-4C97-B855-3AE14A675BF6}.Debug|Any CPU.Build.0 = Debug|Any CPU
		{1D7191ED-1DC7-4C97-B855-3AE14A675BF6}.Release|Any CPU.ActiveCfg = Release|Any CPU
		{1D7191ED-1DC7-4C97-B855-3AE14A675BF6}.Release|Any CPU.Build.0 = Release|Any CPU
		{E78C8F66-81E1-4785-95A0-E16FCB900F4E}.Debug|Any CPU.ActiveCfg = Debug|Any CPU
		{E78C8F66-81E1-4785-95A0-E16FCB900F4E}.Debug|Any CPU.Build.0 = Debug|Any CPU
		{E78C8F66-81E1-4785-95A0-E16FCB900F4E}.Release|Any CPU.ActiveCfg = Release|Any CPU
		{E78C8F66-81E1-4785-95A0-E16FCB900F4E}.Release|Any CPU.Build.0 = Release|Any CPU
		{9D2E6A3C-1034-4497-875B-EF623E850499}.Debug|Any CPU.ActiveCfg = Debug|Any CPU
		{9D2E6A3C-1034-4497-875B-EF623E850499}.Debug|Any CPU.Build.0 = Debug|Any CPU
		{9D2E6A3C-1034-4497-875B-EF623E850499}.Release|Any CPU.ActiveCfg = Release|Any CPU
		{9D2E6A3C-1034-4497-875B-EF623E850499}.Release|Any CPU.Build.0 = Release|Any CPU
		{58898809-DF5C-4781-82FA-966A99642F6B}.Debug|Any CPU.ActiveCfg = Debug|Any CPU
		{58898809-DF5C-4781-82FA-966A99642F6B}.Debug|Any CPU.Build.0 = Debug|Any CPU
		{58898809-DF5C-4781-82FA-966A99642F6B}.Release|Any CPU.ActiveCfg = Release|Any CPU
		{58898809-DF5C-4781-82FA-966A99642F6B}.Release|Any CPU.Build.0 = Release|Any CPU
		{61438152-860E-4CED-AD43-672E8D93A1E1}.Debug|Any CPU.ActiveCfg = Debug|Any CPU
		{61438152-860E-4CED-AD43-672E8D93A1E1}.Debug|Any CPU.Build.0 = Debug|Any CPU
		{61438152-860E-4CED-AD43-672E8D93A1E1}.Release|Any CPU.ActiveCfg = Release|Any CPU
		{61438152-860E-4CED-AD43-672E8D93A1E1}.Release|Any CPU.Build.0 = Release|Any CPU
		{1C3146E2-134A-4BC1-80AA-24689D3F5892}.Debug|Any CPU.ActiveCfg = Debug|Any CPU
		{1C3146E2-134A-4BC1-80AA-24689D3F5892}.Debug|Any CPU.Build.0 = Debug|Any CPU
		{1C3146E2-134A-4BC1-80AA-24689D3F5892}.Release|Any CPU.ActiveCfg = Release|Any CPU
		{1C3146E2-134A-4BC1-80AA-24689D3F5892}.Release|Any CPU.Build.0 = Release|Any CPU
	EndGlobalSection
EndGlobal
